// !$*UTF8*$!
{
	archiveVersion = 1;
	classes = {
	};
	objectVersion = 77;
	objects = {

/* Begin PBXContainerItemProxy section */
		CED52C072E14F6FF00171CDE /* PBXContainerItemProxy */ = {
			isa = PBXContainerItemProxy;
			containerPortal = CED52BEE2E14F6FE00171CDE /* Project object */;
			proxyType = 1;
			remoteGlobalIDString = CED52BF52E14F6FE00171CDE;
			remoteInfo = QuotesAppChallenge;
		};
		CED52C112E14F6FF00171CDE /* PBXContainerItemProxy */ = {
			isa = PBXContainerItemProxy;
			containerPortal = CED52BEE2E14F6FE00171CDE /* Project object */;
			proxyType = 1;
			remoteGlobalIDString = CED52BF52E14F6FE00171CDE;
			remoteInfo = QuotesAppChallenge;
		};
/* End PBXContainerItemProxy section */

/* Begin PBXFileReference section */
		CED52BF62E14F6FE00171CDE /* QuotesAppChallenge.app */ = {isa = PBXFileReference; explicitFileType = wrapper.application; includeInIndex = 0; path = QuotesAppChallenge.app; sourceTree = BUILT_PRODUCTS_DIR; };
		CED52C062E14F6FF00171CDE /* QuotesAppChallengeTests.xctest */ = {isa = PBXFileReference; explicitFileType = wrapper.cfbundle; includeInIndex = 0; path = QuotesAppChallengeTests.xctest; sourceTree = BUILT_PRODUCTS_DIR; };
		CED52C102E14F6FF00171CDE /* QuotesAppChallengeUITests.xctest */ = {isa = PBXFileReference; explicitFileType = wrapper.cfbundle; includeInIndex = 0; path = QuotesAppChallengeUITests.xctest; sourceTree = BUILT_PRODUCTS_DIR; };
/* End PBXFileReference section */

/* Begin PBXFileSystemSynchronizedRootGroup section */
		CED52BF82E14F6FE00171CDE /* QuotesAppChallenge */ = {
			isa = PBXFileSystemSynchronizedRootGroup;
			path = QuotesAppChallenge;
			sourceTree = "<group>";
		};
		CED52C092E14F6FF00171CDE /* QuotesAppChallengeTests */ = {
			isa = PBXFileSystemSynchronizedRootGroup;
			path = QuotesAppChallengeTests;
			sourceTree = "<group>";
		};
		CED52C132E14F6FF00171CDE /* QuotesAppChallengeUITests */ = {
			isa = PBXFileSystemSynchronizedRootGroup;
			path = QuotesAppChallengeUITests;
			sourceTree = "<group>";
		};
/* End PBXFileSystemSynchronizedRootGroup section */

/* Begin PBXFrameworksBuildPhase section */
		CED52BF32E14F6FE00171CDE /* Frameworks */ = {
			isa = PBXFrameworksBuildPhase;
			buildActionMask = 2147483647;
			files = (
			);
			runOnlyForDeploymentPostprocessing = 0;
		};
		CED52C032E14F6FF00171CDE /* Frameworks */ = {
			isa = PBXFrameworksBuildPhase;
			buildActionMask = 2147483647;
			files = (
			);
			runOnlyForDeploymentPostprocessing = 0;
		};
		CED52C0D2E14F6FF00171CDE /* Frameworks */ = {
			isa = PBXFrameworksBuildPhase;
			buildActionMask = 2147483647;
			files = (
			);
			runOnlyForDeploymentPostprocessing = 0;
		};
/* End PBXFrameworksBuildPhase section */

/* Begin PBXGroup section */
		CED52BED2E14F6FE00171CDE = {
			isa = PBXGroup;
			children = (
				CED52BF82E14F6FE00171CDE /* QuotesAppChallenge */,
				CED52C092E14F6FF00171CDE /* QuotesAppChallengeTests */,
				CED52C132E14F6FF00171CDE /* QuotesAppChallengeUITests */,
				CED52BF72E14F6FE00171CDE /* Products */,
			);
			sourceTree = "<group>";
		};
		CED52BF72E14F6FE00171CDE /* Products */ = {
			isa = PBXGroup;
			children = (
				CED52BF62E14F6FE00171CDE /* QuotesAppChallenge.app */,
				CED52C062E14F6FF00171CDE /* QuotesAppChallengeTests.xctest */,
				CED52C102E14F6FF00171CDE /* QuotesAppChallengeUITests.xctest */,
			);
			name = Products;
			sourceTree = "<group>";
		};
/* End PBXGroup section */

/* Begin PBXNativeTarget section */
		CED52BF52E14F6FE00171CDE /* QuotesAppChallenge */ = {
			isa = PBXNativeTarget;
			buildConfigurationList = CED52C1A2E14F6FF00171CDE /* Build configuration list for PBXNativeTarget "QuotesAppChallenge" */;
			buildPhases = (
				CED52BF22E14F6FE00171CDE /* Sources */,
				CED52BF32E14F6FE00171CDE /* Frameworks */,
				CED52BF42E14F6FE00171CDE /* Resources */,
			);
			buildRules = (
			);
			dependencies = (
			);
			fileSystemSynchronizedGroups = (
				CED52BF82E14F6FE00171CDE /* QuotesAppChallenge */,
			);
			name = QuotesAppChallenge;
			packageProductDependencies = (
			);
			productName = QuotesAppChallenge;
			productReference = CED52BF62E14F6FE00171CDE /* QuotesAppChallenge.app */;
			productType = "com.apple.product-type.application";
		};
		CED52C052E14F6FF00171CDE /* QuotesAppChallengeTests */ = {
			isa = PBXNativeTarget;
			buildConfigurationList = CED52C1D2E14F6FF00171CDE /* Build configuration list for PBXNativeTarget "QuotesAppChallengeTests" */;
			buildPhases = (
				CED52C022E14F6FF00171CDE /* Sources */,
				CED52C032E14F6FF00171CDE /* Frameworks */,
				CED52C042E14F6FF00171CDE /* Resources */,
			);
			buildRules = (
			);
			dependencies = (
				CED52C082E14F6FF00171CDE /* PBXTargetDependency */,
			);
			fileSystemSynchronizedGroups = (
				CED52C092E14F6FF00171CDE /* QuotesAppChallengeTests */,
			);
			name = QuotesAppChallengeTests;
			packageProductDependencies = (
			);
			productName = QuotesAppChallengeTests;
			productReference = CED52C062E14F6FF00171CDE /* QuotesAppChallengeTests.xctest */;
			productType = "com.apple.product-type.bundle.unit-test";
		};
		CED52C0F2E14F6FF00171CDE /* QuotesAppChallengeUITests */ = {
			isa = PBXNativeTarget;
			buildConfigurationList = CED52C202E14F6FF00171CDE /* Build configuration list for PBXNativeTarget "QuotesAppChallengeUITests" */;
			buildPhases = (
				CED52C0C2E14F6FF00171CDE /* Sources */,
				CED52C0D2E14F6FF00171CDE /* Frameworks */,
				CED52C0E2E14F6FF00171CDE /* Resources */,
			);
			buildRules = (
			);
			dependencies = (
				CED52C122E14F6FF00171CDE /* PBXTargetDependency */,
			);
			fileSystemSynchronizedGroups = (
				CED52C132E14F6FF00171CDE /* QuotesAppChallengeUITests */,
			);
			name = QuotesAppChallengeUITests;
			packageProductDependencies = (
			);
			productName = QuotesAppChallengeUITests;
			productReference = CED52C102E14F6FF00171CDE /* QuotesAppChallengeUITests.xctest */;
			productType = "com.apple.product-type.bundle.ui-testing";
		};
/* End PBXNativeTarget section */

/* Begin PBXProject section */
		CED52BEE2E14F6FE00171CDE /* Project object */ = {
			isa = PBXProject;
			attributes = {
				BuildIndependentTargetsInParallel = 1;
				LastSwiftUpdateCheck = 1620;
				LastUpgradeCheck = 1620;
				TargetAttributes = {
					CED52BF52E14F6FE00171CDE = {
						CreatedOnToolsVersion = 16.2;
					};
					CED52C052E14F6FF00171CDE = {
						CreatedOnToolsVersion = 16.2;
						TestTargetID = CED52BF52E14F6FE00171CDE;
					};
					CED52C0F2E14F6FF00171CDE = {
						CreatedOnToolsVersion = 16.2;
						TestTargetID = CED52BF52E14F6FE00171CDE;
					};
				};
			};
			buildConfigurationList = CED52BF12E14F6FE00171CDE /* Build configuration list for PBXProject "QuotesAppChallenge" */;
			developmentRegion = en;
			hasScannedForEncodings = 0;
			knownRegions = (
				en,
				Base,
			);
			mainGroup = CED52BED2E14F6FE00171CDE;
			minimizedProjectReferenceProxies = 1;
			preferredProjectObjectVersion = 77;
			productRefGroup = CED52BF72E14F6FE00171CDE /* Products */;
			projectDirPath = "";
			projectRoot = "";
			targets = (
				CED52BF52E14F6FE00171CDE /* QuotesAppChallenge */,
				CED52C052E14F6FF00171CDE /* QuotesAppChallengeTests */,
				CED52C0F2E14F6FF00171CDE /* QuotesAppChallengeUITests */,
			);
		};
/* End PBXProject section */

/* Begin PBXResourcesBuildPhase section */
		CED52BF42E14F6FE00171CDE /* Resources */ = {
			isa = PBXResourcesBuildPhase;
			buildActionMask = 2147483647;
			files = (
			);
			runOnlyForDeploymentPostprocessing = 0;
		};
		CED52C042E14F6FF00171CDE /* Resources */ = {
			isa = PBXResourcesBuildPhase;
			buildActionMask = 2147483647;
			files = (
			);
			runOnlyForDeploymentPostprocessing = 0;
		};
		CED52C0E2E14F6FF00171CDE /* Resources */ = {
			isa = PBXResourcesBuildPhase;
			buildActionMask = 2147483647;
			files = (
			);
			runOnlyForDeploymentPostprocessing = 0;
		};
/* End PBXResourcesBuildPhase section */

/* Begin PBXSourcesBuildPhase section */
		CED52BF22E14F6FE00171CDE /* Sources */ = {
			isa = PBXSourcesBuildPhase;
			buildActionMask = 2147483647;
			files = (
			);
			runOnlyForDeploymentPostprocessing = 0;
		};
		CED52C022E14F6FF00171CDE /* Sources */ = {
			isa = PBXSourcesBuildPhase;
			buildActionMask = 2147483647;
			files = (
			);
			runOnlyForDeploymentPostprocessing = 0;
		};
		CED52C0C2E14F6FF00171CDE /* Sources */ = {
			isa = PBXSourcesBuildPhase;
			buildActionMask = 2147483647;
			files = (
			);
			runOnlyForDeploymentPostprocessing = 0;
		};
/* End PBXSourcesBuildPhase section */

/* Begin PBXTargetDependency section */
		CED52C082E14F6FF00171CDE /* PBXTargetDependency */ = {
			isa = PBXTargetDependency;
			target = CED52BF52E14F6FE00171CDE /* QuotesAppChallenge */;
			targetProxy = CED52C072E14F6FF00171CDE /* PBXContainerItemProxy */;
		};
		CED52C122E14F6FF00171CDE /* PBXTargetDependency */ = {
			isa = PBXTargetDependency;
			target = CED52BF52E14F6FE00171CDE /* QuotesAppChallenge */;
			targetProxy = CED52C112E14F6FF00171CDE /* PBXContainerItemProxy */;
		};
/* End PBXTargetDependency section */

/* Begin XCBuildConfiguration section */
		CED52C182E14F6FF00171CDE /* Debug */ = {
			isa = XCBuildConfiguration;
			buildSettings = {
				ALWAYS_SEARCH_USER_PATHS = NO;
				ASSETCATALOG_COMPILER_GENERATE_SWIFT_ASSET_SYMBOL_EXTENSIONS = YES;
				CLANG_ANALYZER_NONNULL = YES;
				CLANG_ANALYZER_NUMBER_OBJECT_CONVERSION = YES_AGGRESSIVE;
				CLANG_CXX_LANGUAGE_STANDARD = "gnu++20";
				CLANG_ENABLE_MODULES = YES;
				CLANG_ENABLE_OBJC_ARC = YES;
				CLANG_ENABLE_OBJC_WEAK = YES;
				CLANG_WARN_BLOCK_CAPTURE_AUTORELEASING = YES;
				CLANG_WARN_BOOL_CONVERSION = YES;
				CLANG_WARN_COMMA = YES;
				CLANG_WARN_CONSTANT_CONVERSION = YES;
				CLANG_WARN_DEPRECATED_OBJC_IMPLEMENTATIONS = YES;
				CLANG_WARN_DIRECT_OBJC_ISA_USAGE = YES_ERROR;
				CLANG_WARN_DOCUMENTATION_COMMENTS = YES;
				CLANG_WARN_EMPTY_BODY = YES;
				CLANG_WARN_ENUM_CONVERSION = YES;
				CLANG_WARN_INFINITE_RECURSION = YES;
				CLANG_WARN_INT_CONVERSION = YES;
				CLANG_WARN_NON_LITERAL_NULL_CONVERSION = YES;
				CLANG_WARN_OBJC_IMPLICIT_RETAIN_SELF = YES;
				CLANG_WARN_OBJC_LITERAL_CONVERSION = YES;
				CLANG_WARN_OBJC_ROOT_CLASS = YES_ERROR;
				CLANG_WARN_QUOTED_INCLUDE_IN_FRAMEWORK_HEADER = YES;
				CLANG_WARN_RANGE_LOOP_ANALYSIS = YES;
				CLANG_WARN_STRICT_PROTOTYPES = YES;
				CLANG_WARN_SUSPICIOUS_MOVE = YES;
				CLANG_WARN_UNGUARDED_AVAILABILITY = YES_AGGRESSIVE;
				CLANG_WARN_UNREACHABLE_CODE = YES;
				CLANG_WARN__DUPLICATE_METHOD_MATCH = YES;
				COPY_PHASE_STRIP = NO;
				DEBUG_INFORMATION_FORMAT = dwarf;
				ENABLE_STRICT_OBJC_MSGSEND = YES;
				ENABLE_TESTABILITY = YES;
				ENABLE_USER_SCRIPT_SANDBOXING = YES;
				GCC_C_LANGUAGE_STANDARD = gnu17;
				GCC_DYNAMIC_NO_PIC = NO;
				GCC_NO_COMMON_BLOCKS = YES;
				GCC_OPTIMIZATION_LEVEL = 0;
				GCC_PREPROCESSOR_DEFINITIONS = (
					"DEBUG=1",
					"$(inherited)",
				);
				GCC_WARN_64_TO_32_BIT_CONVERSION = YES;
				GCC_WARN_ABOUT_RETURN_TYPE = YES_ERROR;
				GCC_WARN_UNDECLARED_SELECTOR = YES;
				GCC_WARN_UNINITIALIZED_AUTOS = YES_AGGRESSIVE;
				GCC_WARN_UNUSED_FUNCTION = YES;
				GCC_WARN_UNUSED_VARIABLE = YES;
				IPHONEOS_DEPLOYMENT_TARGET = 18.2;
				LOCALIZATION_PREFERS_STRING_CATALOGS = YES;
				MTL_ENABLE_DEBUG_INFO = INCLUDE_SOURCE;
				MTL_FAST_MATH = YES;
				ONLY_ACTIVE_ARCH = YES;
				SDKROOT = iphoneos;
				SWIFT_ACTIVE_COMPILATION_CONDITIONS = "DEBUG $(inherited)";
				SWIFT_OPTIMIZATION_LEVEL = "-Onone";
			};
			name = Debug;
		};
		CED52C192E14F6FF00171CDE /* Release */ = {
			isa = XCBuildConfiguration;
			buildSettings = {
				ALWAYS_SEARCH_USER_PATHS = NO;
				ASSETCATALOG_COMPILER_GENERATE_SWIFT_ASSET_SYMBOL_EXTENSIONS = YES;
				CLANG_ANALYZER_NONNULL = YES;
				CLANG_ANALYZER_NUMBER_OBJECT_CONVERSION = YES_AGGRESSIVE;
				CLANG_CXX_LANGUAGE_STANDARD = "gnu++20";
				CLANG_ENABLE_MODULES = YES;
				CLANG_ENABLE_OBJC_ARC = YES;
				CLANG_ENABLE_OBJC_WEAK = YES;
				CLANG_WARN_BLOCK_CAPTURE_AUTORELEASING = YES;
				CLANG_WARN_BOOL_CONVERSION = YES;
				CLANG_WARN_COMMA = YES;
				CLANG_WARN_CONSTANT_CONVERSION = YES;
				CLANG_WARN_DEPRECATED_OBJC_IMPLEMENTATIONS = YES;
				CLANG_WARN_DIRECT_OBJC_ISA_USAGE = YES_ERROR;
				CLANG_WARN_DOCUMENTATION_COMMENTS = YES;
				CLANG_WARN_EMPTY_BODY = YES;
				CLANG_WARN_ENUM_CONVERSION = YES;
				CLANG_WARN_INFINITE_RECURSION = YES;
				CLANG_WARN_INT_CONVERSION = YES;
				CLANG_WARN_NON_LITERAL_NULL_CONVERSION = YES;
				CLANG_WARN_OBJC_IMPLICIT_RETAIN_SELF = YES;
				CLANG_WARN_OBJC_LITERAL_CONVERSION = YES;
				CLANG_WARN_OBJC_ROOT_CLASS = YES_ERROR;
				CLANG_WARN_QUOTED_INCLUDE_IN_FRAMEWORK_HEADER = YES;
				CLANG_WARN_RANGE_LOOP_ANALYSIS = YES;
				CLANG_WARN_STRICT_PROTOTYPES = YES;
				CLANG_WARN_SUSPICIOUS_MOVE = YES;
				CLANG_WARN_UNGUARDED_AVAILABILITY = YES_AGGRESSIVE;
				CLANG_WARN_UNREACHABLE_CODE = YES;
				CLANG_WARN__DUPLICATE_METHOD_MATCH = YES;
				COPY_PHASE_STRIP = NO;
				DEBUG_INFORMATION_FORMAT = "dwarf-with-dsym";
				ENABLE_NS_ASSERTIONS = NO;
				ENABLE_STRICT_OBJC_MSGSEND = YES;
				ENABLE_USER_SCRIPT_SANDBOXING = YES;
				GCC_C_LANGUAGE_STANDARD = gnu17;
				GCC_NO_COMMON_BLOCKS = YES;
				GCC_WARN_64_TO_32_BIT_CONVERSION = YES;
				GCC_WARN_ABOUT_RETURN_TYPE = YES_ERROR;
				GCC_WARN_UNDECLARED_SELECTOR = YES;
				GCC_WARN_UNINITIALIZED_AUTOS = YES_AGGRESSIVE;
				GCC_WARN_UNUSED_FUNCTION = YES;
				GCC_WARN_UNUSED_VARIABLE = YES;
				IPHONEOS_DEPLOYMENT_TARGET = 18.2;
				LOCALIZATION_PREFERS_STRING_CATALOGS = YES;
				MTL_ENABLE_DEBUG_INFO = NO;
				MTL_FAST_MATH = YES;
				SDKROOT = iphoneos;
				SWIFT_COMPILATION_MODE = wholemodule;
				VALIDATE_PRODUCT = YES;
			};
			name = Release;
		};
		CED52C1B2E14F6FF00171CDE /* Debug */ = {
			isa = XCBuildConfiguration;
			buildSettings = {
				ASSETCATALOG_COMPILER_APPICON_NAME = AppIcon;
				ASSETCATALOG_COMPILER_GLOBAL_ACCENT_COLOR_NAME = AccentColor;
				CODE_SIGN_STYLE = Automatic;
				CURRENT_PROJECT_VERSION = 1;
				DEVELOPMENT_ASSET_PATHS = "\"QuotesAppChallenge/Preview Content\"";
				DEVELOPMENT_TEAM = 4PGP59H72M;
				ENABLE_PREVIEWS = YES;
				GENERATE_INFOPLIST_FILE = YES;
				INFOPLIST_KEY_UIApplicationSceneManifest_Generation = YES;
				INFOPLIST_KEY_UIApplicationSupportsIndirectInputEvents = YES;
				INFOPLIST_KEY_UILaunchScreen_Generation = YES;
				INFOPLIST_KEY_UISupportedInterfaceOrientations_iPad = "UIInterfaceOrientationPortrait UIInterfaceOrientationPortraitUpsideDown UIInterfaceOrientationLandscapeLeft UIInterfaceOrientationLandscapeRight";
				INFOPLIST_KEY_UISupportedInterfaceOrientations_iPhone = "UIInterfaceOrientationPortrait UIInterfaceOrientationLandscapeLeft UIInterfaceOrientationLandscapeRight";
				LD_RUNPATH_SEARCH_PATHS = (
					"$(inherited)",
					"@executable_path/Frameworks",
				);
				MARKETING_VERSION = 1.0;
				PRODUCT_BUNDLE_IDENTIFIER = hoeppken.QuotesAppChallenge;
				PRODUCT_NAME = "$(TARGET_NAME)";
				SWIFT_EMIT_LOC_STRINGS = YES;
				SWIFT_VERSION = 5.0;
				TARGETED_DEVICE_FAMILY = "1,2";
			};
			name = Debug;
		};
		CED52C1C2E14F6FF00171CDE /* Release */ = {
			isa = XCBuildConfiguration;
			buildSettings = {
				ASSETCATALOG_COMPILER_APPICON_NAME = AppIcon;
				ASSETCATALOG_COMPILER_GLOBAL_ACCENT_COLOR_NAME = AccentColor;
				CODE_SIGN_STYLE = Automatic;
				CURRENT_PROJECT_VERSION = 1;
				DEVELOPMENT_ASSET_PATHS = "\"QuotesAppChallenge/Preview Content\"";
				DEVELOPMENT_TEAM = 4PGP59H72M;
				ENABLE_PREVIEWS = YES;
				GENERATE_INFOPLIST_FILE = YES;
				INFOPLIST_KEY_UIApplicationSceneManifest_Generation = YES;
				INFOPLIST_KEY_UIApplicationSupportsIndirectInputEvents = YES;
				INFOPLIST_KEY_UILaunchScreen_Generation = YES;
				INFOPLIST_KEY_UISupportedInterfaceOrientations_iPad = "UIInterfaceOrientationPortrait UIInterfaceOrientationPortraitUpsideDown UIInterfaceOrientationLandscapeLeft UIInterfaceOrientationLandscapeRight";
				INFOPLIST_KEY_UISupportedInterfaceOrientations_iPhone = "UIInterfaceOrientationPortrait UIInterfaceOrientationLandscapeLeft UIInterfaceOrientationLandscapeRight";
				LD_RUNPATH_SEARCH_PATHS = (
					"$(inherited)",
					"@executable_path/Frameworks",
				);
				MARKETING_VERSION = 1.0;
				PRODUCT_BUNDLE_IDENTIFIER = hoeppken.QuotesAppChallenge;
				PRODUCT_NAME = "$(TARGET_NAME)";
				SWIFT_EMIT_LOC_STRINGS = YES;
				SWIFT_VERSION = 5.0;
				TARGETED_DEVICE_FAMILY = "1,2";
			};
			name = Release;
		};
		CED52C1E2E14F6FF00171CDE /* Debug */ = {
			isa = XCBuildConfiguration;
			buildSettings = {
				BUNDLE_LOADER = "$(TEST_HOST)";
				CODE_SIGN_STYLE = Automatic;
				CURRENT_PROJECT_VERSION = 1;
				DEVELOPMENT_TEAM = 4PGP59H72M;
				GENERATE_INFOPLIST_FILE = YES;
				IPHONEOS_DEPLOYMENT_TARGET = 18.2;
				MARKETING_VERSION = 1.0;
				PRODUCT_BUNDLE_IDENTIFIER = hoeppken.QuotesAppChallengeTests;
				PRODUCT_NAME = "$(TARGET_NAME)";
				SWIFT_EMIT_LOC_STRINGS = NO;
				SWIFT_VERSION = 5.0;
				TARGETED_DEVICE_FAMILY = "1,2";
				TEST_HOST = "$(BUILT_PRODUCTS_DIR)/QuotesAppChallenge.app/$(BUNDLE_EXECUTABLE_FOLDER_PATH)/QuotesAppChallenge";
			};
			name = Debug;
		};
		CED52C1F2E14F6FF00171CDE /* Release */ = {
			isa = XCBuildConfiguration;
			buildSettings = {
				BUNDLE_LOADER = "$(TEST_HOST)";
				CODE_SIGN_STYLE = Automatic;
				CURRENT_PROJECT_VERSION = 1;
				DEVELOPMENT_TEAM = 4PGP59H72M;
				GENERATE_INFOPLIST_FILE = YES;
				IPHONEOS_DEPLOYMENT_TARGET = 18.2;
				MARKETING_VERSION = 1.0;
				PRODUCT_BUNDLE_IDENTIFIER = hoeppken.QuotesAppChallengeTests;
				PRODUCT_NAME = "$(TARGET_NAME)";
				SWIFT_EMIT_LOC_STRINGS = NO;
				SWIFT_VERSION = 5.0;
				TARGETED_DEVICE_FAMILY = "1,2";
				TEST_HOST = "$(BUILT_PRODUCTS_DIR)/QuotesAppChallenge.app/$(BUNDLE_EXECUTABLE_FOLDER_PATH)/QuotesAppChallenge";
			};
			name = Release;
		};
		CED52C212E14F6FF00171CDE /* Debug */ = {
			isa = XCBuildConfiguration;
			buildSettings = {
				CODE_SIGN_STYLE = Automatic;
				CURRENT_PROJECT_VERSION = 1;
				DEVELOPMENT_TEAM = 4PGP59H72M;
				GENERATE_INFOPLIST_FILE = YES;
				MARKETING_VERSION = 1.0;
				PRODUCT_BUNDLE_IDENTIFIER = hoeppken.QuotesAppChallengeUITests;
				PRODUCT_NAME = "$(TARGET_NAME)";
				SWIFT_EMIT_LOC_STRINGS = NO;
				SWIFT_VERSION = 5.0;
				TARGETED_DEVICE_FAMILY = "1,2";
				TEST_TARGET_NAME = QuotesAppChallenge;
			};
			name = Debug;
		};
		CED52C222E14F6FF00171CDE /* Release */ = {
			isa = XCBuildConfiguration;
			buildSettings = {
				CODE_SIGN_STYLE = Automatic;
				CURRENT_PROJECT_VERSION = 1;
				DEVELOPMENT_TEAM = 4PGP59H72M;
				GENERATE_INFOPLIST_FILE = YES;
				MARKETING_VERSION = 1.0;
				PRODUCT_BUNDLE_IDENTIFIER = hoeppken.QuotesAppChallengeUITests;
				PRODUCT_NAME = "$(TARGET_NAME)";
				SWIFT_EMIT_LOC_STRINGS = NO;
				SWIFT_VERSION = 5.0;
				TARGETED_DEVICE_FAMILY = "1,2";
				TEST_TARGET_NAME = QuotesAppChallenge;
			};
			name = Release;
		};
/* End XCBuildConfiguration section */

/* Begin XCConfigurationList section */
		CED52BF12E14F6FE00171CDE /* Build configuration list for PBXProject "QuotesAppChallenge" */ = {
			isa = XCConfigurationList;
			buildConfigurations = (
				CED52C182E14F6FF00171CDE /* Debug */,
				CED52C192E14F6FF00171CDE /* Release */,
			);
			defaultConfigurationIsVisible = 0;
			defaultConfigurationName = Release;
		};
		CED52C1A2E14F6FF00171CDE /* Build configuration list for PBXNativeTarget "QuotesAppChallenge" */ = {
			isa = XCConfigurationList;
			buildConfigurations = (
				CED52C1B2E14F6FF00171CDE /* Debug */,
				CED52C1C2E14F6FF00171CDE /* Release */,
			);
			defaultConfigurationIsVisible = 0;
			defaultConfigurationName = Release;
		};
		CED52C1D2E14F6FF00171CDE /* Build configuration list for PBXNativeTarget "QuotesAppChallengeTests" */ = {
			isa = XCConfigurationList;
			buildConfigurations = (
				CED52C1E2E14F6FF00171CDE /* Debug */,
				CED52C1F2E14F6FF00171CDE /* Release */,
			);
			defaultConfigurationIsVisible = 0;
			defaultConfigurationName = Release;
		};
		CED52C202E14F6FF00171CDE /* Build configuration list for PBXNativeTarget "QuotesAppChallengeUITests" */ = {
			isa = XCConfigurationList;
			buildConfigurations = (
				CED52C212E14F6FF00171CDE /* Debug */,
				CED52C222E14F6FF00171CDE /* Release */,
			);
			defaultConfigurationIsVisible = 0;
			defaultConfigurationName = Release;
		};
/* End XCConfigurationList section */
	};
	rootObject = CED52BEE2E14F6FE00171CDE /* Project object */;
}
